
Microsoft Visual Studio Solution File, Format Version 12.00
# Visual Studio 2015
Project("{FAE04EC0-301F-11D3-BF4B-00C04F79EFBC}") = "Scene test.CSharp", "Scene test.CSharp.csproj", "{79A8AA88-8158-72ED-0701-2F1AA055C1FA}"
EndProject
Global
	GlobalSection(SolutionConfigurationPlatforms) = preSolution
		Debug|Any CPU = Debug|Any CPU
		Release|Any CPU = Release|Any CPU
	EndGlobalSection
	GlobalSection(ProjectConfigurationPlatforms) = postSolution
		{79A8AA88-8158-72ED-0701-2F1AA055C1FA}.Debug|Any CPU.ActiveCfg = Debug|Any CPU
		{79A8AA88-8158-72ED-0701-2F1AA055C1FA}.Debug|Any CPU.Build.0 = Debug|Any CPU
		{79A8AA88-8158-72ED-0701-2F1AA055C1FA}.Release|Any CPU.ActiveCfg = Release|Any CPU
		{79A8AA88-8158-72ED-0701-2F1AA055C1FA}.Release|Any CPU.Build.0 = Release|Any CPU
	EndGlobalSection
	GlobalSection(SolutionProperties) = preSolution
		HideSolutionNode = FALSE
	EndGlobalSection
EndGlobal
